
Microsoft Visual Studio Solution File, Format Version 12.00
# Visual Studio Version 17
VisualStudioVersion = 17.2.32516.85
MinimumVisualStudioVersion = 10.0.40219.1
Project("{FAE04EC0-301F-11D3-BF4B-00C04F79EFBC}") = "DogClubWeb", "DogClubWeb\DogClubWeb.csproj", "{DBA11EF4-CF40-40FF-9AEA-92FD16FCE481}"
EndProject
Global
	GlobalSection(SolutionConfigurationPlatforms) = preSolution
		Debug|Any CPU = Debug|Any CPU
		Release|Any CPU = Release|Any CPU
	EndGlobalSection
	GlobalSection(ProjectConfigurationPlatforms) = postSolution
		{DBA11EF4-CF40-40FF-9AEA-92FD16FCE481}.Debug|Any CPU.ActiveCfg = Debug|Any CPU
		{DBA11EF4-CF40-40FF-9AEA-92FD16FCE481}.Debug|Any CPU.Build.0 = Debug|Any CPU
		{DBA11EF4-CF40-40FF-9AEA-92FD16FCE481}.Release|Any CPU.ActiveCfg = Release|Any CPU
		{DBA11EF4-CF40-40FF-9AEA-92FD16FCE481}.Release|Any CPU.Build.0 = Release|Any CPU
	EndGlobalSection
	GlobalSection(SolutionProperties) = preSolution
		HideSolutionNode = FALSE
	EndGlobalSection
	GlobalSection(ExtensibilityGlobals) = postSolution
		SolutionGuid = {744EFAEC-922E-4610-A521-10A48774B6D9}
	EndGlobalSection
EndGlobal
